{
  "name": "jsbin",
  "version": "0.0.0",
  "lockfileVersion": 1,
  "requires": true,
  "dependencies": {
    "monaco-editor": {
      "version": "0.10.1",
      "resolved": "https://registry.npmjs.org/monaco-editor/-/monaco-editor-0.10.1.tgz",
      "integrity": "sha1-jJbE8VtrUli/ksvek8rYp+MAfhQ="
    },
    "ngx-monaco": {
      "version": "0.6.1",
      "resolved": "https://registry.npmjs.org/ngx-monaco/-/ngx-monaco-0.6.1.tgz",
      "integrity": "sha512-zV0Ock1ngCXy+WJ7Y6+2P2SyFFXrXfSURwkU/mLPHB0I3zUJSiuoyR28QOqOwVnjcp8309YT/EhLKTo2CFBB8Q=="
    }
  }
}
